Microsoft Visual Studio Solution File, Format Version 12.00
# Visual Studio Version 17
VisualStudioVersion = 17.5.2.0
MinimumVisualStudioVersion = 10.0.40219.1
Project("{FAE04EC0-301F-11D3-BF4B-00C04F79EFBC}") = "UnitTests", "UnitTests\UnitTests.csproj", "{E1E279FD-F33A-4678-9333-A757CEBE76C0}"
EndProject
Project("{FAE04EC0-301F-11D3-BF4B-00C04F79EFBC}") = "AdventOfCode2024", "src\AdventOfCode2024.csproj", "{234185F9-09FE-BDCD-79E8-7DCDDA696628}"
EndProject
Global
	GlobalSection(SolutionConfigurationPlatforms) = preSolution
		Debug|Any CPU = Debug|Any CPU
		Release|Any CPU = Release|Any CPU
	EndGlobalSection
	GlobalSection(ProjectConfigurationPlatforms) = postSolution
		{E1E279FD-F33A-4678-9333-A757CEBE76C0}.Debug|Any CPU.ActiveCfg = Debug|Any CPU
		{E1E279FD-F33A-4678-9333-A757CEBE76C0}.Debug|Any CPU.Build.0 = Debug|Any CPU
		{E1E279FD-F33A-4678-9333-A757CEBE76C0}.Release|Any CPU.ActiveCfg = Release|Any CPU
		{E1E279FD-F33A-4678-9333-A757CEBE76C0}.Release|Any CPU.Build.0 = Release|Any CPU
		{234185F9-09FE-BDCD-79E8-7DCDDA696628}.Debug|Any CPU.ActiveCfg = Debug|Any CPU
		{234185F9-09FE-BDCD-79E8-7DCDDA696628}.Debug|Any CPU.Build.0 = Debug|Any CPU
		{234185F9-09FE-BDCD-79E8-7DCDDA696628}.Release|Any CPU.ActiveCfg = Release|Any CPU
		{234185F9-09FE-BDCD-79E8-7DCDDA696628}.Release|Any CPU.Build.0 = Release|Any CPU
	EndGlobalSection
	GlobalSection(SolutionProperties) = preSolution
		HideSolutionNode = FALSE
	EndGlobalSection
	GlobalSection(ExtensibilityGlobals) = postSolution
		SolutionGuid = {68D39BDE-76DA-4F73-A1E8-731AD6D29657}
	EndGlobalSection
EndGlobal
